// !$*UTF8*$!
{
	archiveVersion = 1;
	classes = {
	};
	objectVersion = 50;
	objects = {

/* Begin PBXBuildFile section */
		277901E425C95E0100B3F102 /* AppDelegate.swift in Sources */ = {isa = PBXBuildFile; fileRef = 277901E325C95E0100B3F102 /* AppDelegate.swift */; };
		277901E625C95E0100B3F102 /* SceneDelegate.swift in Sources */ = {isa = PBXBuildFile; fileRef = 277901E525C95E0100B3F102 /* SceneDelegate.swift */; };
		277901E825C95E0100B3F102 /* ViewController.swift in Sources */ = {isa = PBXBuildFile; fileRef = 277901E725C95E0100B3F102 /* ViewController.swift */; };
		277901EB25C95E0100B3F102 /* Main.storyboard in Resources */ = {isa = PBXBuildFile; fileRef = 277901E925C95E0100B3F102 /* Main.storyboard */; };
		277901ED25C95E0600B3F102 /* Assets.xcassets in Resources */ = {isa = PBXBuildFile; fileRef = 277901EC25C95E0600B3F102 /* Assets.xcassets */; };
		277901F025C95E0600B3F102 /* LaunchScreen.storyboard in Resources */ = {isa = PBXBuildFile; fileRef = 277901EE25C95E0600B3F102 /* LaunchScreen.storyboard */; };
		277901FD25D5A89800B3F102 /* QuizViewController.swift in Sources */ = {isa = PBXBuildFile; fileRef = 277901FC25D5A89800B3F102 /* QuizViewController.swift */; };
		2779020025D5A93000B3F102 /* QuizModel.swift in Sources */ = {isa = PBXBuildFile; fileRef = 277901FF25D5A93000B3F102 /* QuizModel.swift */; };
		2779020325D5A96500B3F102 /* QuizProtocol.swift in Sources */ = {isa = PBXBuildFile; fileRef = 2779020225D5A96500B3F102 /* QuizProtocol.swift */; };
		2779024825DC0CBD00B3F102 /* QuistionProtocol.swift in Sources */ = {isa = PBXBuildFile; fileRef = 2779024725DC0CBD00B3F102 /* QuistionProtocol.swift */; };
		2779024B25DC0D9300B3F102 /* QuistonModel.swift in Sources */ = {isa = PBXBuildFile; fileRef = 2779024A25DC0D9300B3F102 /* QuistonModel.swift */; };
/* End PBXBuildFile section */

/* Begin PBXFileReference section */
		277901E025C95E0100B3F102 /* MyAppTest.app */ = {isa = PBXFileReference; explicitFileType = wrapper.application; includeInIndex = 0; path = MyAppTest.app; sourceTree = BUILT_PRODUCTS_DIR; };
		277901E325C95E0100B3F102 /* AppDelegate.swift */ = {isa = PBXFileReference; lastKnownFileType = sourcecode.swift; path = AppDelegate.swift; sourceTree = "<group>"; };
		277901E525C95E0100B3F102 /* SceneDelegate.swift */ = {isa = PBXFileReference; lastKnownFileType = sourcecode.swift; path = SceneDelegate.swift; sourceTree = "<group>"; };
		277901E725C95E0100B3F102 /* ViewController.swift */ = {isa = PBXFileReference; lastKnownFileType = sourcecode.swift; path = ViewController.swift; sourceTree = "<group>"; };
		277901EA25C95E0100B3F102 /* Base */ = {isa = PBXFileReference; lastKnownFileType = file.storyboard; name = Base; path = Base.lproj/Main.storyboard; sourceTree = "<group>"; };
		277901EC25C95E0600B3F102 /* Assets.xcassets */ = {isa = PBXFileReference; lastKnownFileType = folder.assetcatalog; path = Assets.xcassets; sourceTree = "<group>"; };
		277901EF25C95E0600B3F102 /* Base */ = {isa = PBXFileReference; lastKnownFileType = file.storyboard; name = Base; path = Base.lproj/LaunchScreen.storyboard; sourceTree = "<group>"; };
		277901F125C95E0600B3F102 /* Info.plist */ = {isa = PBXFileReference; lastKnownFileType = text.plist.xml; path = Info.plist; sourceTree = "<group>"; };
		277901FC25D5A89800B3F102 /* QuizViewController.swift */ = {isa = PBXFileReference; lastKnownFileType = sourcecode.swift; path = QuizViewController.swift; sourceTree = "<group>"; };
		277901FF25D5A93000B3F102 /* QuizModel.swift */ = {isa = PBXFileReference; lastKnownFileType = sourcecode.swift; path = QuizModel.swift; sourceTree = "<group>"; };
		2779020225D5A96500B3F102 /* QuizProtocol.swift */ = {isa = PBXFileReference; lastKnownFileType = sourcecode.swift; path = QuizProtocol.swift; sourceTree = "<group>"; };
		2779024725DC0CBD00B3F102 /* QuistionProtocol.swift */ = {isa = PBXFileReference; lastKnownFileType = sourcecode.swift; path = QuistionProtocol.swift; sourceTree = "<group>"; };
		2779024A25DC0D9300B3F102 /* QuistonModel.swift */ = {isa = PBXFileReference; lastKnownFileType = sourcecode.swift; path = QuistonModel.swift; sourceTree = "<group>"; };
/* End PBXFileReference section */

/* Begin PBXFrameworksBuildPhase section */
		277901DD25C95E0100B3F102 /* Frameworks */ = {
			isa = PBXFrameworksBuildPhase;
			buildActionMask = 2147483647;
			files = (
			);
			runOnlyForDeploymentPostprocessing = 0;
		};
/* End PBXFrameworksBuildPhase section */

/* Begin PBXGroup section */
		277901D725C95E0100B3F102 = {
			isa = PBXGroup;
			children = (
				277901E225C95E0100B3F102 /* MyAppTest */,
				277901E125C95E0100B3F102 /* Products */,
			);
			sourceTree = "<group>";
		};
		277901E125C95E0100B3F102 /* Products */ = {
			isa = PBXGroup;
			children = (
				277901E025C95E0100B3F102 /* MyAppTest.app */,
			);
			name = Products;
			sourceTree = "<group>";
		};
		277901E225C95E0100B3F102 /* MyAppTest */ = {
			isa = PBXGroup;
			children = (
				277901FA25D5905000B3F102 /* Models */,
				277901F925D58FF700B3F102 /* ViewControllers */,
				277901F825D58AB000B3F102 /* Protocols */,
				277901E325C95E0100B3F102 /* AppDelegate.swift */,
				277901E525C95E0100B3F102 /* SceneDelegate.swift */,
				277901E725C95E0100B3F102 /* ViewController.swift */,
				277901E925C95E0100B3F102 /* Main.storyboard */,
				277901EC25C95E0600B3F102 /* Assets.xcassets */,
				277901EE25C95E0600B3F102 /* LaunchScreen.storyboard */,
				277901F125C95E0600B3F102 /* Info.plist */,
			);
			path = MyAppTest;
			sourceTree = "<group>";
		};
		277901F825D58AB000B3F102 /* Protocols */ = {
			isa = PBXGroup;
			children = (
				2779020225D5A96500B3F102 /* QuizProtocol.swift */,
				2779024725DC0CBD00B3F102 /* QuistionProtocol.swift */,
			);
			path = Protocols;
			sourceTree = "<group>";
		};
		277901F925D58FF700B3F102 /* ViewControllers */ = {
			isa = PBXGroup;
			children = (
				277901FC25D5A89800B3F102 /* QuizViewController.swift */,
			);
			path = ViewControllers;
			sourceTree = "<group>";
		};
		277901FA25D5905000B3F102 /* Models */ = {
			isa = PBXGroup;
			children = (
				277901FF25D5A93000B3F102 /* QuizModel.swift */,
				2779024A25DC0D9300B3F102 /* QuistonModel.swift */,
			);
			path = Models;
			sourceTree = "<group>";
		};
/* End PBXGroup section */

/* Begin PBXNativeTarget section */
		277901DF25C95E0100B3F102 /* MyAppTest */ = {
			isa = PBXNativeTarget;
			buildConfigurationList = 277901F425C95E0600B3F102 /* Build configuration list for PBXNativeTarget "MyAppTest" */;
			buildPhases = (
				277901DC25C95E0100B3F102 /* Sources */,
				277901DD25C95E0100B3F102 /* Frameworks */,
				277901DE25C95E0100B3F102 /* Resources */,
			);
			buildRules = (
			);
			dependencies = (
			);
			name = MyAppTest;
			productName = MyAppTest;
			productReference = 277901E025C95E0100B3F102 /* MyAppTest.app */;
			productType = "com.apple.product-type.application";
		};
/* End PBXNativeTarget section */

/* Begin PBXProject section */
		277901D825C95E0100B3F102 /* Project object */ = {
			isa = PBXProject;
			attributes = {
				LastSwiftUpdateCheck = 1240;
				LastUpgradeCheck = 1240;
				TargetAttributes = {
					277901DF25C95E0100B3F102 = {
						CreatedOnToolsVersion = 12.4;
					};
				};
			};
			buildConfigurationList = 277901DB25C95E0100B3F102 /* Build configuration list for PBXProject "MyAppTest" */;
			compatibilityVersion = "Xcode 9.3";
			developmentRegion = en;
			hasScannedForEncodings = 0;
			knownRegions = (
				en,
				Base,
			);
			mainGroup = 277901D725C95E0100B3F102;
			productRefGroup = 277901E125C95E0100B3F102 /* Products */;
			projectDirPath = "";
			projectRoot = "";
			targets = (
				277901DF25C95E0100B3F102 /* MyAppTest */,
			);
		};
/* End PBXProject section */

/* Begin PBXResourcesBuildPhase section */
		277901DE25C95E0100B3F102 /* Resources */ = {
			isa = PBXResourcesBuildPhase;
			buildActionMask = 2147483647;
			files = (
				277901F025C95E0600B3F102 /* LaunchScreen.storyboard in Resources */,
				277901ED25C95E0600B3F102 /* Assets.xcassets in Resources */,
				277901EB25C95E0100B3F102 /* Main.storyboard in Resources */,
			);
			runOnlyForDeploymentPostprocessing = 0;
		};
/* End PBXResourcesBuildPhase section */

/* Begin PBXSourcesBuildPhase section */
		277901DC25C95E0100B3F102 /* Sources */ = {
			isa = PBXSourcesBuildPhase;
			buildActionMask = 2147483647;
			files = (
				2779024825DC0CBD00B3F102 /* QuistionProtocol.swift in Sources */,
				2779024B25DC0D9300B3F102 /* QuistonModel.swift in Sources */,
				277901E825C95E0100B3F102 /* ViewController.swift in Sources */,
				277901E425C95E0100B3F102 /* AppDelegate.swift in Sources */,
				277901E625C95E0100B3F102 /* SceneDelegate.swift in Sources */,
				277901FD25D5A89800B3F102 /* QuizViewController.swift in Sources */,
				2779020325D5A96500B3F102 /* QuizProtocol.swift in Sources */,
				2779020025D5A93000B3F102 /* QuizModel.swift in Sources */,
			);
			runOnlyForDeploymentPostprocessing = 0;
		};
/* End PBXSourcesBuildPhase section */

/* Begin PBXVariantGroup section */
		277901E925C95E0100B3F102 /* Main.storyboard */ = {
			isa = PBXVariantGroup;
			children = (
				277901EA25C95E0100B3F102 /* Base */,
			);
			name = Main.storyboard;
			sourceTree = "<group>";
		};
		277901EE25C95E0600B3F102 /* LaunchScreen.storyboard */ = {
			isa = PBXVariantGroup;
			children = (
				277901EF25C95E0600B3F102 /* Base */,
			);
			name = LaunchScreen.storyboard;
			sourceTree = "<group>";
		};
/* End PBXVariantGroup section */

/* Begin XCBuildConfiguration section */
		277901F225C95E0600B3F102 /* Debug */ = {
			isa = XCBuildConfiguration;
			buildSettings = {
				ALWAYS_SEARCH_USER_PATHS = NO;
				CLANG_ANALYZER_NONNULL = YES;
				CLANG_ANALYZER_NUMBER_OBJECT_CONVERSION = YES_AGGRESSIVE;
				CLANG_CXX_LANGUAGE_STANDARD = "gnu++14";
				CLANG_CXX_LIBRARY = "libc++";
				CLANG_ENABLE_MODULES = YES;
				CLANG_ENABLE_OBJC_ARC = YES;
				CLANG_ENABLE_OBJC_WEAK = YES;
				CLANG_WARN_BLOCK_CAPTURE_AUTORELEASING = YES;
				CLANG_WARN_BOOL_CONVERSION = YES;
				CLANG_WARN_COMMA = YES;
				CLANG_WARN_CONSTANT_CONVERSION = YES;
				CLANG_WARN_DEPRECATED_OBJC_IMPLEMENTATIONS = YES;
				CLANG_WARN_DIRECT_OBJC_ISA_USAGE = YES_ERROR;
				CLANG_WARN_DOCUMENTATION_COMMENTS = YES;
				CLANG_WARN_EMPTY_BODY = YES;
				CLANG_WARN_ENUM_CONVERSION = YES;
				CLANG_WARN_INFINITE_RECURSION = YES;
				CLANG_WARN_INT_CONVERSION = YES;
				CLANG_WARN_NON_LITERAL_NULL_CONVERSION = YES;
				CLANG_WARN_OBJC_IMPLICIT_RETAIN_SELF = YES;
				CLANG_WARN_OBJC_LITERAL_CONVERSION = YES;
				CLANG_WARN_OBJC_ROOT_CLASS = YES_ERROR;
				CLANG_WARN_QUOTED_INCLUDE_IN_FRAMEWORK_HEADER = YES;
				CLANG_WARN_RANGE_LOOP_ANALYSIS = YES;
				CLANG_WARN_STRICT_PROTOTYPES = YES;
				CLANG_WARN_SUSPICIOUS_MOVE = YES;
				CLANG_WARN_UNGUARDED_AVAILABILITY = YES_AGGRESSIVE;
				CLANG_WARN_UNREACHABLE_CODE = YES;
				CLANG_WARN__DUPLICATE_METHOD_MATCH = YES;
				COPY_PHASE_STRIP = NO;
				DEBUG_INFORMATION_FORMAT = dwarf;
				ENABLE_STRICT_OBJC_MSGSEND = YES;
				ENABLE_TESTABILITY = YES;
				GCC_C_LANGUAGE_STANDARD = gnu11;
				GCC_DYNAMIC_NO_PIC = NO;
				GCC_NO_COMMON_BLOCKS = YES;
				GCC_OPTIMIZATION_LEVEL = 0;
				GCC_PREPROCESSOR_DEFINITIONS = (
					"DEBUG=1",
					"$(inherited)",
				);
				GCC_WARN_64_TO_32_BIT_CONVERSION = YES;
				GCC_WARN_ABOUT_RETURN_TYPE = YES_ERROR;
				GCC_WARN_UNDECLARED_SELECTOR = YES;
				GCC_WARN_UNINITIALIZED_AUTOS = YES_AGGRESSIVE;
				GCC_WARN_UNUSED_FUNCTION = YES;
				GCC_WARN_UNUSED_VARIABLE = YES;
				IPHONEOS_DEPLOYMENT_TARGET = 14.4;
				MTL_ENABLE_DEBUG_INFO = INCLUDE_SOURCE;
				MTL_FAST_MATH = YES;
				ONLY_ACTIVE_ARCH = YES;
				SDKROOT = iphoneos;
				SWIFT_ACTIVE_COMPILATION_CONDITIONS = DEBUG;
				SWIFT_OPTIMIZATION_LEVEL = "-Onone";
			};
			name = Debug;
		};
		277901F325C95E0600B3F102 /* Release */ = {
			isa = XCBuildConfiguration;
			buildSettings = {
				ALWAYS_SEARCH_USER_PATHS = NO;
				CLANG_ANALYZER_NONNULL = YES;
				CLANG_ANALYZER_NUMBER_OBJECT_CONVERSION = YES_AGGRESSIVE;
				CLANG_CXX_LANGUAGE_STANDARD = "gnu++14";
				CLANG_CXX_LIBRARY = "libc++";
				CLANG_ENABLE_MODULES = YES;
				CLANG_ENABLE_OBJC_ARC = YES;
				CLANG_ENABLE_OBJC_WEAK = YES;
				CLANG_WARN_BLOCK_CAPTURE_AUTORELEASING = YES;
				CLANG_WARN_BOOL_CONVERSION = YES;
				CLANG_WARN_COMMA = YES;
				CLANG_WARN_CONSTANT_CONVERSION = YES;
				CLANG_WARN_DEPRECATED_OBJC_IMPLEMENTATIONS = YES;
				CLANG_WARN_DIRECT_OBJC_ISA_USAGE = YES_ERROR;
				CLANG_WARN_DOCUMENTATION_COMMENTS = YES;
				CLANG_WARN_EMPTY_BODY = YES;
				CLANG_WARN_ENUM_CONVERSION = YES;
				CLANG_WARN_INFINITE_RECURSION = YES;
				CLANG_WARN_INT_CONVERSION = YES;
				CLANG_WARN_NON_LITERAL_NULL_CONVERSION = YES;
				CLANG_WARN_OBJC_IMPLICIT_RETAIN_SELF = YES;
				CLANG_WARN_OBJC_LITERAL_CONVERSION = YES;
				CLANG_WARN_OBJC_ROOT_CLASS = YES_ERROR;
				CLANG_WARN_QUOTED_INCLUDE_IN_FRAMEWORK_HEADER = YES;
				CLANG_WARN_RANGE_LOOP_ANALYSIS = YES;
				CLANG_WARN_STRICT_PROTOTYPES = YES;
				CLANG_WARN_SUSPICIOUS_MOVE = YES;
				CLANG_WARN_UNGUARDED_AVAILABILITY = YES_AGGRESSIVE;
				CLANG_WARN_UNREACHABLE_CODE = YES;
				CLANG_WARN__DUPLICATE_METHOD_MATCH = YES;
				COPY_PHASE_STRIP = NO;
				DEBUG_INFORMATION_FORMAT = "dwarf-with-dsym";
				ENABLE_NS_ASSERTIONS = NO;
				ENABLE_STRICT_OBJC_MSGSEND = YES;
				GCC_C_LANGUAGE_STANDARD = gnu11;
				GCC_NO_COMMON_BLOCKS = YES;
				GCC_WARN_64_TO_32_BIT_CONVERSION = YES;
				GCC_WARN_ABOUT_RETURN_TYPE = YES_ERROR;
				GCC_WARN_UNDECLARED_SELECTOR = YES;
				GCC_WARN_UNINITIALIZED_AUTOS = YES_AGGRESSIVE;
				GCC_WARN_UNUSED_FUNCTION = YES;
				GCC_WARN_UNUSED_VARIABLE = YES;
				IPHONEOS_DEPLOYMENT_TARGET = 14.4;
				MTL_ENABLE_DEBUG_INFO = NO;
				MTL_FAST_MATH = YES;
				SDKROOT = iphoneos;
				SWIFT_COMPILATION_MODE = wholemodule;
				SWIFT_OPTIMIZATION_LEVEL = "-O";
				VALIDATE_PRODUCT = YES;
			};
			name = Release;
		};
		277901F525C95E0600B3F102 /* Debug */ = {
			isa = XCBuildConfiguration;
			buildSettings = {
				ASSETCATALOG_COMPILER_APPICON_NAME = AppIcon;
				ASSETCATALOG_COMPILER_GLOBAL_ACCENT_COLOR_NAME = AccentColor;
				CODE_SIGN_STYLE = Automatic;
				DEVELOPMENT_TEAM = X9GRXAY28X;
				INFOPLIST_FILE = MyAppTest/Info.plist;
				LD_RUNPATH_SEARCH_PATHS = (
					"$(inherited)",
					"@executable_path/Frameworks",
				);
				PRODUCT_BUNDLE_IDENTIFIER = com.RomanDivkovic.MyAppTest;
				PRODUCT_NAME = "$(TARGET_NAME)";
				SWIFT_VERSION = 5.0;
				TARGETED_DEVICE_FAMILY = "1,2";
			};
			name = Debug;
		};
		277901F625C95E0600B3F102 /* Release */ = {
			isa = XCBuildConfiguration;
			buildSettings = {
				ASSETCATALOG_COMPILER_APPICON_NAME = AppIcon;
				ASSETCATALOG_COMPILER_GLOBAL_ACCENT_COLOR_NAME = AccentColor;
				CODE_SIGN_STYLE = Automatic;
				DEVELOPMENT_TEAM = X9GRXAY28X;
				INFOPLIST_FILE = MyAppTest/Info.plist;
				LD_RUNPATH_SEARCH_PATHS = (
					"$(inherited)",
					"@executable_path/Frameworks",
				);
				PRODUCT_BUNDLE_IDENTIFIER = com.RomanDivkovic.MyAppTest;
				PRODUCT_NAME = "$(TARGET_NAME)";
				SWIFT_VERSION = 5.0;
				TARGETED_DEVICE_FAMILY = "1,2";
			};
			name = Release;
		};
/* End XCBuildConfiguration section */

/* Begin XCConfigurationList section */
		277901DB25C95E0100B3F102 /* Build configuration list for PBXProject "MyAppTest" */ = {
			isa = XCConfigurationList;
			buildConfigurations = (
				277901F225C95E0600B3F102 /* Debug */,
				277901F325C95E0600B3F102 /* Release */,
			);
			defaultConfigurationIsVisible = 0;
			defaultConfigurationName = Release;
		};
		277901F425C95E0600B3F102 /* Build configuration list for PBXNativeTarget "MyAppTest" */ = {
			isa = XCConfigurationList;
			buildConfigurations = (
				277901F525C95E0600B3F102 /* Debug */,
				277901F625C95E0600B3F102 /* Release */,
			);
			defaultConfigurationIsVisible = 0;
			defaultConfigurationName = Release;
		};
/* End XCConfigurationList section */
	};
	rootObject = 277901D825C95E0100B3F102 /* Project object */;
}
